// !$*UTF8*$!
{
	archiveVersion = 1;
	classes = {
	};
	objectVersion = 46;
	objects = {

/* Begin PBXBuildFile section */
		29046C271D03232B00E4B6E9 /* orcsnestSoho.png in Resources */ = {isa = PBXBuildFile; fileRef = 29046C261D03232B00E4B6E9 /* orcsnestSoho.png */; };
		29046C291D034B2500E4B6E9 /* warhammerSoho.png in Resources */ = {isa = PBXBuildFile; fileRef = 29046C281D034B2500E4B6E9 /* warhammerSoho.png */; };
		29046C2B1D034D3E00E4B6E9 /* LeisureGamesFinchley.png in Resources */ = {isa = PBXBuildFile; fileRef = 29046C2A1D034D3E00E4B6E9 /* LeisureGamesFinchley.png */; };
		29046C2D1D034E0500E4B6E9 /* chessandbridgemarylebone.png in Resources */ = {isa = PBXBuildFile; fileRef = 29046C2C1D034E0500E4B6E9 /* chessandbridgemarylebone.png */; };
		29046C2F1D034EAB00E4B6E9 /* draughtshackney.png in Resources */ = {isa = PBXBuildFile; fileRef = 29046C2E1D034EAB00E4B6E9 /* draughtshackney.png */; };
		29046C311D034F0600E4B6E9 /* villagegamescamden.png in Resources */ = {isa = PBXBuildFile; fileRef = 29046C301D034F0600E4B6E9 /* villagegamescamden.png */; };
		29046C331D0350C900E4B6E9 /* gamesworkshopputney.png in Resources */ = {isa = PBXBuildFile; fileRef = 29046C321D0350C900E4B6E9 /* gamesworkshopputney.png */; };
		29046C351D0350E900E4B6E9 /* warhammerchiswick.png in Resources */ = {isa = PBXBuildFile; fileRef = 29046C341D0350E900E4B6E9 /* warhammerchiswick.png */; };
		29046C371D03510200E4B6E9 /* gamesworkshopmuswell hill.png in Resources */ = {isa = PBXBuildFile; fileRef = 29046C361D03510200E4B6E9 /* gamesworkshopmuswell hill.png */; };
		29046C391D03511B00E4B6E9 /* gamesworkshopcroydon.png in Resources */ = {isa = PBXBuildFile; fileRef = 29046C381D03511B00E4B6E9 /* gamesworkshopcroydon.png */; };
		29046C3B1D03513400E4B6E9 /* gamesworkshoptwickenham.png in Resources */ = {isa = PBXBuildFile; fileRef = 29046C3A1D03513400E4B6E9 /* gamesworkshoptwickenham.png */; };
		29046C3D1D03514A00E4B6E9 /* gamesworkshopbromley.png in Resources */ = {isa = PBXBuildFile; fileRef = 29046C3C1D03514A00E4B6E9 /* gamesworkshopbromley.png */; };
		29046C3F1D03515D00E4B6E9 /* warhammerkingston.png in Resources */ = {isa = PBXBuildFile; fileRef = 29046C3E1D03515D00E4B6E9 /* warhammerkingston.png */; };
		29046C411D03517000E4B6E9 /* gamesworkshopenfield.png in Resources */ = {isa = PBXBuildFile; fileRef = 29046C401D03517000E4B6E9 /* gamesworkshopenfield.png */; };
		29046C431D03518400E4B6E9 /* gamesworkshopsutton.png in Resources */ = {isa = PBXBuildFile; fileRef = 29046C421D03518400E4B6E9 /* gamesworkshopsutton.png */; };
		29046C451D03519C00E4B6E9 /* gamesworkshopbarnet.png in Resources */ = {isa = PBXBuildFile; fileRef = 29046C441D03519C00E4B6E9 /* gamesworkshopbarnet.png */; };
		29046C471D0352A700E4B6E9 /* loadingdalston.png in Resources */ = {isa = PBXBuildFile; fileRef = 29046C461D0352A700E4B6E9 /* loadingdalston.png */; };
		29046C491D0352EB00E4B6E9 /* loadingstratford.png in Resources */ = {isa = PBXBuildFile; fileRef = 29046C481D0352EB00E4B6E9 /* loadingstratford.png */; };
		29046C4B1D03531300E4B6E9 /* darkspherelambeth.png in Resources */ = {isa = PBXBuildFile; fileRef = 29046C4A1D03531300E4B6E9 /* darkspherelambeth.png */; };
		29586F111C8B45EB004F877E /* AppDelegate.swift in Sources */ = {isa = PBXBuildFile; fileRef = 29586F101C8B45EB004F877E /* AppDelegate.swift */; };
		29586F131C8B45EB004F877E /* ViewController.swift in Sources */ = {isa = PBXBuildFile; fileRef = 29586F121C8B45EB004F877E /* ViewController.swift */; };
		29586F161C8B45EB004F877E /* Main.storyboard in Resources */ = {isa = PBXBuildFile; fileRef = 29586F141C8B45EB004F877E /* Main.storyboard */; };
		29586F191C8B45EB004F877E /* tranquilLondon.xcdatamodeld in Sources */ = {isa = PBXBuildFile; fileRef = 29586F171C8B45EB004F877E /* tranquilLondon.xcdatamodeld */; };
		29586F1B1C8B45EB004F877E /* Assets.xcassets in Resources */ = {isa = PBXBuildFile; fileRef = 29586F1A1C8B45EB004F877E /* Assets.xcassets */; };
		29586F1E1C8B45EB004F877E /* LaunchScreen.storyboard in Resources */ = {isa = PBXBuildFile; fileRef = 29586F1C1C8B45EB004F877E /* LaunchScreen.storyboard */; };
		29586F291C8B45EC004F877E /* tranquilLondonTests.swift in Sources */ = {isa = PBXBuildFile; fileRef = 29586F281C8B45EC004F877E /* tranquilLondonTests.swift */; };
		29586F341C8B45EC004F877E /* tranquilLondonUITests.swift in Sources */ = {isa = PBXBuildFile; fileRef = 29586F331C8B45EC004F877E /* tranquilLondonUITests.swift */; };
		295CC8DE1C8D6AF40051E31B /* placesTableViewController.swift in Sources */ = {isa = PBXBuildFile; fileRef = 295CC8DD1C8D6AF40051E31B /* placesTableViewController.swift */; };
		295CC8E01C8D70B80051E31B /* placeViewController.swift in Sources */ = {isa = PBXBuildFile; fileRef = 295CC8DF1C8D70B80051E31B /* placeViewController.swift */; };
		295CC8E21C8EB7890051E31B /* placeTableViewCell.swift in Sources */ = {isa = PBXBuildFile; fileRef = 295CC8E11C8EB7890051E31B /* placeTableViewCell.swift */; };
		2980250C1D042339006CE644 /* roboto-regular.ttf in Resources */ = {isa = PBXBuildFile; fileRef = 293B6AC81D0363AC00416C39 /* roboto-regular.ttf */; };
		2980250D1D042345006CE644 /* roboto-medium.ttf in Resources */ = {isa = PBXBuildFile; fileRef = 293B6AC71D0363AC00416C39 /* roboto-medium.ttf */; };
		2980250E1D042349006CE644 /* roboto-light.ttf in Resources */ = {isa = PBXBuildFile; fileRef = 293B6AC61D0363AC00416C39 /* roboto-light.ttf */; };
		2980250F1D04234D006CE644 /* roboto-bold.ttf in Resources */ = {isa = PBXBuildFile; fileRef = 293B6AC51D0363AC00416C39 /* roboto-bold.ttf */; };
		298025111D043F79006CE644 /* tubeIcon.png in Resources */ = {isa = PBXBuildFile; fileRef = 298025101D043F79006CE644 /* tubeIcon.png */; };
		29873C631C97F769006DA402 /* containerVC.swift in Sources */ = {isa = PBXBuildFile; fileRef = 29873C621C97F769006DA402 /* containerVC.swift */; };
		29F0C2F81C95AC0900ACFF87 /* place.swift in Sources */ = {isa = PBXBuildFile; fileRef = 29F0C2F71C95AC0900ACFF87 /* place.swift */; };
		29F0C2FA1C95AE7900ACFF87 /* VCmapView.swift in Sources */ = {isa = PBXBuildFile; fileRef = 29F0C2F91C95AE7900ACFF87 /* VCmapView.swift */; };
		29F0C2FC1C95C7D900ACFF87 /* JSON.swift in Sources */ = {isa = PBXBuildFile; fileRef = 29F0C2FB1C95C7D900ACFF87 /* JSON.swift */; };
		29F0C2FE1C95E03000ACFF87 /* tranquilPlaces.json in Resources */ = {isa = PBXBuildFile; fileRef = 29F0C2FD1C95E03000ACFF87 /* tranquilPlaces.json */; };
		29F0C3041C96ABEC00ACFF87 /* helperMethods.swift in Sources */ = {isa = PBXBuildFile; fileRef = 29F0C3031C96ABEC00ACFF87 /* helperMethods.swift */; };
/* End PBXBuildFile section */

/* Begin PBXContainerItemProxy section */
		29586F251C8B45EB004F877E /* PBXContainerItemProxy */ = {
			isa = PBXContainerItemProxy;
			containerPortal = 29586F051C8B45EA004F877E /* Project object */;
			proxyType = 1;
			remoteGlobalIDString = 29586F0C1C8B45EB004F877E;
			remoteInfo = tranquilLondon;
		};
		29586F301C8B45EC004F877E /* PBXContainerItemProxy */ = {
			isa = PBXContainerItemProxy;
			containerPortal = 29586F051C8B45EA004F877E /* Project object */;
			proxyType = 1;
			remoteGlobalIDString = 29586F0C1C8B45EB004F877E;
			remoteInfo = tranquilLondon;
		};
/* End PBXContainerItemProxy section */

/* Begin PBXFileReference section */
		29046C261D03232B00E4B6E9 /* orcsnestSoho.png */ = {isa = PBXFileReference; lastKnownFileType = image.png; path = orcsnestSoho.png; sourceTree = "<group>"; };
		29046C281D034B2500E4B6E9 /* warhammerSoho.png */ = {isa = PBXFileReference; lastKnownFileType = image.png; path = warhammerSoho.png; sourceTree = "<group>"; };
		29046C2A1D034D3E00E4B6E9 /* LeisureGamesFinchley.png */ = {isa = PBXFileReference; lastKnownFileType = image.png; path = LeisureGamesFinchley.png; sourceTree = "<group>"; };
		29046C2C1D034E0500E4B6E9 /* chessandbridgemarylebone.png */ = {isa = PBXFileReference; lastKnownFileType = image.png; path = chessandbridgemarylebone.png; sourceTree = "<group>"; };
		29046C2E1D034EAB00E4B6E9 /* draughtshackney.png */ = {isa = PBXFileReference; lastKnownFileType = image.png; path = draughtshackney.png; sourceTree = "<group>"; };
		29046C301D034F0600E4B6E9 /* villagegamescamden.png */ = {isa = PBXFileReference; lastKnownFileType = image.png; path = villagegamescamden.png; sourceTree = "<group>"; };
		29046C321D0350C900E4B6E9 /* gamesworkshopputney.png */ = {isa = PBXFileReference; lastKnownFileType = image.png; path = gamesworkshopputney.png; sourceTree = "<group>"; };
		29046C341D0350E900E4B6E9 /* warhammerchiswick.png */ = {isa = PBXFileReference; lastKnownFileType = image.png; path = warhammerchiswick.png; sourceTree = "<group>"; };
		29046C361D03510200E4B6E9 /* gamesworkshopmuswell hill.png */ = {isa = PBXFileReference; lastKnownFileType = image.png; path = "gamesworkshopmuswell hill.png"; sourceTree = "<group>"; };
		29046C381D03511B00E4B6E9 /* gamesworkshopcroydon.png */ = {isa = PBXFileReference; lastKnownFileType = image.png; path = gamesworkshopcroydon.png; sourceTree = "<group>"; };
		29046C3A1D03513400E4B6E9 /* gamesworkshoptwickenham.png */ = {isa = PBXFileReference; lastKnownFileType = image.png; path = gamesworkshoptwickenham.png; sourceTree = "<group>"; };
		29046C3C1D03514A00E4B6E9 /* gamesworkshopbromley.png */ = {isa = PBXFileReference; lastKnownFileType = image.png; path = gamesworkshopbromley.png; sourceTree = "<group>"; };
		29046C3E1D03515D00E4B6E9 /* warhammerkingston.png */ = {isa = PBXFileReference; lastKnownFileType = image.png; path = warhammerkingston.png; sourceTree = "<group>"; };
		29046C401D03517000E4B6E9 /* gamesworkshopenfield.png */ = {isa = PBXFileReference; lastKnownFileType = image.png; path = gamesworkshopenfield.png; sourceTree = "<group>"; };
		29046C421D03518400E4B6E9 /* gamesworkshopsutton.png */ = {isa = PBXFileReference; lastKnownFileType = image.png; path = gamesworkshopsutton.png; sourceTree = "<group>"; };
		29046C441D03519C00E4B6E9 /* gamesworkshopbarnet.png */ = {isa = PBXFileReference; lastKnownFileType = image.png; path = gamesworkshopbarnet.png; sourceTree = "<group>"; };
		29046C461D0352A700E4B6E9 /* loadingdalston.png */ = {isa = PBXFileReference; lastKnownFileType = image.png; path = loadingdalston.png; sourceTree = "<group>"; };
		29046C481D0352EB00E4B6E9 /* loadingstratford.png */ = {isa = PBXFileReference; lastKnownFileType = image.png; path = loadingstratford.png; sourceTree = "<group>"; };
		29046C4A1D03531300E4B6E9 /* darkspherelambeth.png */ = {isa = PBXFileReference; lastKnownFileType = image.png; path = darkspherelambeth.png; sourceTree = "<group>"; };
		293B6AC51D0363AC00416C39 /* roboto-bold.ttf */ = {isa = PBXFileReference; lastKnownFileType = file; path = "roboto-bold.ttf"; sourceTree = "<group>"; };
		293B6AC61D0363AC00416C39 /* roboto-light.ttf */ = {isa = PBXFileReference; lastKnownFileType = file; path = "roboto-light.ttf"; sourceTree = "<group>"; };
		293B6AC71D0363AC00416C39 /* roboto-medium.ttf */ = {isa = PBXFileReference; lastKnownFileType = file; path = "roboto-medium.ttf"; sourceTree = "<group>"; };
		293B6AC81D0363AC00416C39 /* roboto-regular.ttf */ = {isa = PBXFileReference; lastKnownFileType = file; path = "roboto-regular.ttf"; sourceTree = "<group>"; };
		29586F0D1C8B45EB004F877E /* Gameclub.app */ = {isa = PBXFileReference; explicitFileType = wrapper.application; includeInIndex = 0; path = Gameclub.app; sourceTree = BUILT_PRODUCTS_DIR; };
		29586F101C8B45EB004F877E /* AppDelegate.swift */ = {isa = PBXFileReference; lastKnownFileType = sourcecode.swift; path = AppDelegate.swift; sourceTree = "<group>"; };
		29586F121C8B45EB004F877E /* ViewController.swift */ = {isa = PBXFileReference; lastKnownFileType = sourcecode.swift; path = ViewController.swift; sourceTree = "<group>"; };
		29586F151C8B45EB004F877E /* Base */ = {isa = PBXFileReference; lastKnownFileType = file.storyboard; name = Base; path = Base.lproj/Main.storyboard; sourceTree = "<group>"; };
		29586F181C8B45EB004F877E /* tranquilLondon.xcdatamodel */ = {isa = PBXFileReference; lastKnownFileType = wrapper.xcdatamodel; path = tranquilLondon.xcdatamodel; sourceTree = "<group>"; };
		29586F1A1C8B45EB004F877E /* Assets.xcassets */ = {isa = PBXFileReference; lastKnownFileType = folder.assetcatalog; path = Assets.xcassets; sourceTree = "<group>"; };
		29586F1D1C8B45EB004F877E /* Base */ = {isa = PBXFileReference; lastKnownFileType = file.storyboard; name = Base; path = Base.lproj/LaunchScreen.storyboard; sourceTree = "<group>"; };
		29586F1F1C8B45EB004F877E /* Info.plist */ = {isa = PBXFileReference; lastKnownFileType = text.plist.xml; path = Info.plist; sourceTree = "<group>"; };
		29586F241C8B45EB004F877E /* gameclub.xctest */ = {isa = PBXFileReference; explicitFileType = wrapper.cfbundle; includeInIndex = 0; path = gameclub.xctest; sourceTree = BUILT_PRODUCTS_DIR; };
		29586F281C8B45EC004F877E /* tranquilLondonTests.swift */ = {isa = PBXFileReference; lastKnownFileType = sourcecode.swift; path = tranquilLondonTests.swift; sourceTree = "<group>"; };
		29586F2A1C8B45EC004F877E /* Info.plist */ = {isa = PBXFileReference; lastKnownFileType = text.plist.xml; path = Info.plist; sourceTree = "<group>"; };
		29586F2F1C8B45EC004F877E /* gameclub.xctest */ = {isa = PBXFileReference; explicitFileType = wrapper.cfbundle; includeInIndex = 0; path = gameclub.xctest; sourceTree = BUILT_PRODUCTS_DIR; };
		29586F331C8B45EC004F877E /* tranquilLondonUITests.swift */ = {isa = PBXFileReference; lastKnownFileType = sourcecode.swift; path = tranquilLondonUITests.swift; sourceTree = "<group>"; };
		29586F351C8B45EC004F877E /* Info.plist */ = {isa = PBXFileReference; lastKnownFileType = text.plist.xml; path = Info.plist; sourceTree = "<group>"; };
		295CC8DD1C8D6AF40051E31B /* placesTableViewController.swift */ = {isa = PBXFileReference; fileEncoding = 4; lastKnownFileType = sourcecode.swift; path = placesTableViewController.swift; sourceTree = "<group>"; };
		295CC8DF1C8D70B80051E31B /* placeViewController.swift */ = {isa = PBXFileReference; fileEncoding = 4; lastKnownFileType = sourcecode.swift; path = placeViewController.swift; sourceTree = "<group>"; };
		295CC8E11C8EB7890051E31B /* placeTableViewCell.swift */ = {isa = PBXFileReference; fileEncoding = 4; lastKnownFileType = sourcecode.swift; path = placeTableViewCell.swift; sourceTree = "<group>"; };
		298025101D043F79006CE644 /* tubeIcon.png */ = {isa = PBXFileReference; lastKnownFileType = image.png; path = tubeIcon.png; sourceTree = "<group>"; };
		29873C621C97F769006DA402 /* containerVC.swift */ = {isa = PBXFileReference; fileEncoding = 4; lastKnownFileType = sourcecode.swift; path = containerVC.swift; sourceTree = "<group>"; };
		29F0C2F71C95AC0900ACFF87 /* place.swift */ = {isa = PBXFileReference; fileEncoding = 4; lastKnownFileType = sourcecode.swift; path = place.swift; sourceTree = "<group>"; };
		29F0C2F91C95AE7900ACFF87 /* VCmapView.swift */ = {isa = PBXFileReference; fileEncoding = 4; lastKnownFileType = sourcecode.swift; path = VCmapView.swift; sourceTree = "<group>"; };
		29F0C2FB1C95C7D900ACFF87 /* JSON.swift */ = {isa = PBXFileReference; fileEncoding = 4; lastKnownFileType = sourcecode.swift; path = JSON.swift; sourceTree = "<group>"; };
		29F0C2FD1C95E03000ACFF87 /* tranquilPlaces.json */ = {isa = PBXFileReference; fileEncoding = 4; lastKnownFileType = text.json; path = tranquilPlaces.json; sourceTree = "<group>"; };
		29F0C3031C96ABEC00ACFF87 /* helperMethods.swift */ = {isa = PBXFileReference; fileEncoding = 4; lastKnownFileType = sourcecode.swift; name = helperMethods.swift; path = ../helperMethods.swift; sourceTree = "<group>"; };
/* End PBXFileReference section */

/* Begin PBXFrameworksBuildPhase section */
		29586F0A1C8B45EB004F877E /* Frameworks */ = {
			isa = PBXFrameworksBuildPhase;
			buildActionMask = 2147483647;
			files = (
			);
			runOnlyForDeploymentPostprocessing = 0;
		};
		29586F211C8B45EB004F877E /* Frameworks */ = {
			isa = PBXFrameworksBuildPhase;
			buildActionMask = 2147483647;
			files = (
			);
			runOnlyForDeploymentPostprocessing = 0;
		};
		29586F2C1C8B45EC004F877E /* Frameworks */ = {
			isa = PBXFrameworksBuildPhase;
			buildActionMask = 2147483647;
			files = (
			);
			runOnlyForDeploymentPostprocessing = 0;
		};
/* End PBXFrameworksBuildPhase section */

/* Begin PBXGroup section */
		293B6AC41D03629800416C39 /* Images */ = {
			isa = PBXGroup;
			children = (
				298025101D043F79006CE644 /* tubeIcon.png */,
				29046C261D03232B00E4B6E9 /* orcsnestSoho.png */,
				29046C281D034B2500E4B6E9 /* warhammerSoho.png */,
				29046C2A1D034D3E00E4B6E9 /* LeisureGamesFinchley.png */,
				29046C2C1D034E0500E4B6E9 /* chessandbridgemarylebone.png */,
				29046C2E1D034EAB00E4B6E9 /* draughtshackney.png */,
				29046C301D034F0600E4B6E9 /* villagegamescamden.png */,
				29046C321D0350C900E4B6E9 /* gamesworkshopputney.png */,
				29046C341D0350E900E4B6E9 /* warhammerchiswick.png */,
				29046C361D03510200E4B6E9 /* gamesworkshopmuswell hill.png */,
				29046C381D03511B00E4B6E9 /* gamesworkshopcroydon.png */,
				29046C3A1D03513400E4B6E9 /* gamesworkshoptwickenham.png */,
				29046C3C1D03514A00E4B6E9 /* gamesworkshopbromley.png */,
				29046C3E1D03515D00E4B6E9 /* warhammerkingston.png */,
				29046C401D03517000E4B6E9 /* gamesworkshopenfield.png */,
				29046C421D03518400E4B6E9 /* gamesworkshopsutton.png */,
				29046C441D03519C00E4B6E9 /* gamesworkshopbarnet.png */,
				29046C461D0352A700E4B6E9 /* loadingdalston.png */,
				29046C481D0352EB00E4B6E9 /* loadingstratford.png */,
				29046C4A1D03531300E4B6E9 /* darkspherelambeth.png */,
			);
			name = Images;
			sourceTree = "<group>";
		};
		293B6AC91D0363B400416C39 /* Fonts */ = {
			isa = PBXGroup;
			children = (
				293B6AC51D0363AC00416C39 /* roboto-bold.ttf */,
				293B6AC61D0363AC00416C39 /* roboto-light.ttf */,
				293B6AC71D0363AC00416C39 /* roboto-medium.ttf */,
				293B6AC81D0363AC00416C39 /* roboto-regular.ttf */,
			);
			name = Fonts;
			sourceTree = "<group>";
		};
		29586F041C8B45EA004F877E = {
			isa = PBXGroup;
			children = (
				29586F0F1C8B45EB004F877E /* gameclub */,
				29586F271C8B45EC004F877E /* gameclubTests */,
				29586F321C8B45EC004F877E /* gameclubUITests */,
				29586F0E1C8B45EB004F877E /* Products */,
			);
			sourceTree = "<group>";
		};
		29586F0E1C8B45EB004F877E /* Products */ = {
			isa = PBXGroup;
			children = (
				29586F0D1C8B45EB004F877E /* Gameclub.app */,
				29586F241C8B45EB004F877E /* gameclub.xctest */,
				29586F2F1C8B45EC004F877E /* gameclub.xctest */,
			);
			name = Products;
			sourceTree = "<group>";
		};
		29586F0F1C8B45EB004F877E /* gameclub */ = {
			isa = PBXGroup;
			children = (
				29F0C3031C96ABEC00ACFF87 /* helperMethods.swift */,
				29586F101C8B45EB004F877E /* AppDelegate.swift */,
				29586F121C8B45EB004F877E /* ViewController.swift */,
				29F0C2F91C95AE7900ACFF87 /* VCmapView.swift */,
				29F0C2F71C95AC0900ACFF87 /* place.swift */,
				295CC8DD1C8D6AF40051E31B /* placesTableViewController.swift */,
				29F0C2FB1C95C7D900ACFF87 /* JSON.swift */,
				29586F141C8B45EB004F877E /* Main.storyboard */,
				29873C621C97F769006DA402 /* containerVC.swift */,
				29586F1A1C8B45EB004F877E /* Assets.xcassets */,
				29586F1C1C8B45EB004F877E /* LaunchScreen.storyboard */,
				29586F1F1C8B45EB004F877E /* Info.plist */,
				29586F171C8B45EB004F877E /* tranquilLondon.xcdatamodeld */,
				295CC8DF1C8D70B80051E31B /* placeViewController.swift */,
				295CC8E11C8EB7890051E31B /* placeTableViewCell.swift */,
				29F0C2FD1C95E03000ACFF87 /* tranquilPlaces.json */,
				293B6AC91D0363B400416C39 /* Fonts */,
				293B6AC41D03629800416C39 /* Images */,
			);
			name = gameclub;
			path = tranquilLondon;
			sourceTree = "<group>";
		};
		29586F271C8B45EC004F877E /* gameclubTests */ = {
			isa = PBXGroup;
			children = (
				29586F281C8B45EC004F877E /* tranquilLondonTests.swift */,
				29586F2A1C8B45EC004F877E /* Info.plist */,
			);
			path = gameclubTests;
			sourceTree = "<group>";
		};
		29586F321C8B45EC004F877E /* gameclubUITests */ = {
			isa = PBXGroup;
			children = (
				29586F331C8B45EC004F877E /* tranquilLondonUITests.swift */,
				29586F351C8B45EC004F877E /* Info.plist */,
			);
			path = gameclubUITests;
			sourceTree = "<group>";
		};
/* End PBXGroup section */

/* Begin PBXNativeTarget section */
		29586F0C1C8B45EB004F877E /* gameclub */ = {
			isa = PBXNativeTarget;
			buildConfigurationList = 29586F381C8B45EC004F877E /* Build configuration list for PBXNativeTarget "gameclub" */;
			buildPhases = (
				29586F091C8B45EB004F877E /* Sources */,
				29586F0A1C8B45EB004F877E /* Frameworks */,
				29586F0B1C8B45EB004F877E /* Resources */,
			);
			buildRules = (
			);
			dependencies = (
			);
			name = gameclub;
			productName = tranquilLondon;
			productReference = 29586F0D1C8B45EB004F877E /* Gameclub.app */;
			productType = "com.apple.product-type.application";
		};
		29586F231C8B45EB004F877E /* gameclubTests */ = {
			isa = PBXNativeTarget;
			buildConfigurationList = 29586F3B1C8B45EC004F877E /* Build configuration list for PBXNativeTarget "gameclubTests" */;
			buildPhases = (
				29586F201C8B45EB004F877E /* Sources */,
				29586F211C8B45EB004F877E /* Frameworks */,
				29586F221C8B45EB004F877E /* Resources */,
			);
			buildRules = (
			);
			dependencies = (
				29586F261C8B45EB004F877E /* PBXTargetDependency */,
			);
			name = gameclubTests;
			productName = tranquilLondonTests;
			productReference = 29586F241C8B45EB004F877E /* gameclub.xctest */;
			productType = "com.apple.product-type.bundle.unit-test";
		};
		29586F2E1C8B45EC004F877E /* gameclubUITests */ = {
			isa = PBXNativeTarget;
			buildConfigurationList = 29586F3E1C8B45EC004F877E /* Build configuration list for PBXNativeTarget "gameclubUITests" */;
			buildPhases = (
				29586F2B1C8B45EC004F877E /* Sources */,
				29586F2C1C8B45EC004F877E /* Frameworks */,
				29586F2D1C8B45EC004F877E /* Resources */,
			);
			buildRules = (
			);
			dependencies = (
				29586F311C8B45EC004F877E /* PBXTargetDependency */,
			);
			name = gameclubUITests;
			productName = tranquilLondonUITests;
			productReference = 29586F2F1C8B45EC004F877E /* gameclub.xctest */;
			productType = "com.apple.product-type.bundle.ui-testing";
		};
/* End PBXNativeTarget section */

/* Begin PBXProject section */
		29586F051C8B45EA004F877E /* Project object */ = {
			isa = PBXProject;
			attributes = {
				LastSwiftUpdateCheck = 0720;
				LastUpgradeCheck = 0720;
				ORGANIZATIONNAME = "Daniel Pape";
				TargetAttributes = {
					29586F0C1C8B45EB004F877E = {
						CreatedOnToolsVersion = 7.2.1;
						DevelopmentTeam = 6XK8CTGKE3;
					};
					29586F231C8B45EB004F877E = {
						CreatedOnToolsVersion = 7.2.1;
						TestTargetID = 29586F0C1C8B45EB004F877E;
					};
					29586F2E1C8B45EC004F877E = {
						CreatedOnToolsVersion = 7.2.1;
						TestTargetID = 29586F0C1C8B45EB004F877E;
					};
				};
			};
			buildConfigurationList = 29586F081C8B45EA004F877E /* Build configuration list for PBXProject "gameclub" */;
			compatibilityVersion = "Xcode 3.2";
			developmentRegion = English;
			hasScannedForEncodings = 0;
			knownRegions = (
				en,
				Base,
			);
			mainGroup = 29586F041C8B45EA004F877E;
			productRefGroup = 29586F0E1C8B45EB004F877E /* Products */;
			projectDirPath = "";
			projectRoot = "";
			targets = (
				29586F0C1C8B45EB004F877E /* gameclub */,
				29586F231C8B45EB004F877E /* gameclubTests */,
				29586F2E1C8B45EC004F877E /* gameclubUITests */,
			);
		};
/* End PBXProject section */

/* Begin PBXResourcesBuildPhase section */
		29586F0B1C8B45EB004F877E /* Resources */ = {
			isa = PBXResourcesBuildPhase;
			buildActionMask = 2147483647;
			files = (
				2980250F1D04234D006CE644 /* roboto-bold.ttf in Resources */,
				2980250E1D042349006CE644 /* roboto-light.ttf in Resources */,
				2980250D1D042345006CE644 /* roboto-medium.ttf in Resources */,
				2980250C1D042339006CE644 /* roboto-regular.ttf in Resources */,
				29046C451D03519C00E4B6E9 /* gamesworkshopbarnet.png in Resources */,
				29F0C2FE1C95E03000ACFF87 /* tranquilPlaces.json in Resources */,
				29586F1E1C8B45EB004F877E /* LaunchScreen.storyboard in Resources */,
				29046C4B1D03531300E4B6E9 /* darkspherelambeth.png in Resources */,
				29046C2F1D034EAB00E4B6E9 /* draughtshackney.png in Resources */,
				29046C291D034B2500E4B6E9 /* warhammerSoho.png in Resources */,
				29046C271D03232B00E4B6E9 /* orcsnestSoho.png in Resources */,
				29046C371D03510200E4B6E9 /* gamesworkshopmuswell hill.png in Resources */,
				298025111D043F79006CE644 /* tubeIcon.png in Resources */,
				29046C351D0350E900E4B6E9 /* warhammerchiswick.png in Resources */,
				29046C491D0352EB00E4B6E9 /* loadingstratford.png in Resources */,
				29586F1B1C8B45EB004F877E /* Assets.xcassets in Resources */,
				29046C311D034F0600E4B6E9 /* villagegamescamden.png in Resources */,
				29586F161C8B45EB004F877E /* Main.storyboard in Resources */,
				29046C431D03518400E4B6E9 /* gamesworkshopsutton.png in Resources */,
				29046C3B1D03513400E4B6E9 /* gamesworkshoptwickenham.png in Resources */,
				29046C3D1D03514A00E4B6E9 /* gamesworkshopbromley.png in Resources */,
				29046C3F1D03515D00E4B6E9 /* warhammerkingston.png in Resources */,
				29046C2B1D034D3E00E4B6E9 /* LeisureGamesFinchley.png in Resources */,
				29046C391D03511B00E4B6E9 /* gamesworkshopcroydon.png in Resources */,
				29046C471D0352A700E4B6E9 /* loadingdalston.png in Resources */,
				29046C331D0350C900E4B6E9 /* gamesworkshopputney.png in Resources */,
				29046C411D03517000E4B6E9 /* gamesworkshopenfield.png in Resources */,
				29046C2D1D034E0500E4B6E9 /* chessandbridgemarylebone.png in Resources */,
			);
			runOnlyForDeploymentPostprocessing = 0;
		};
		29586F221C8B45EB004F877E /* Resources */ = {
			isa = PBXResourcesBuildPhase;
			buildActionMask = 2147483647;
			files = (
			);
			runOnlyForDeploymentPostprocessing = 0;
		};
		29586F2D1C8B45EC004F877E /* Resources */ = {
			isa = PBXResourcesBuildPhase;
			buildActionMask = 2147483647;
			files = (
			);
			runOnlyForDeploymentPostprocessing = 0;
		};
/* End PBXResourcesBuildPhase section */

/* Begin PBXSourcesBuildPhase section */
		29586F091C8B45EB004F877E /* Sources */ = {
			isa = PBXSourcesBuildPhase;
			buildActionMask = 2147483647;
			files = (
				29586F131C8B45EB004F877E /* ViewController.swift in Sources */,
				29F0C2F81C95AC0900ACFF87 /* place.swift in Sources */,
				295CC8E21C8EB7890051E31B /* placeTableViewCell.swift in Sources */,
				29F0C2FC1C95C7D900ACFF87 /* JSON.swift in Sources */,
				295CC8DE1C8D6AF40051E31B /* placesTableViewController.swift in Sources */,
				29F0C2FA1C95AE7900ACFF87 /* VCmapView.swift in Sources */,
				29586F111C8B45EB004F877E /* AppDelegate.swift in Sources */,
				29586F191C8B45EB004F877E /* tranquilLondon.xcdatamodeld in Sources */,
				29F0C3041C96ABEC00ACFF87 /* helperMethods.swift in Sources */,
				29873C631C97F769006DA402 /* containerVC.swift in Sources */,
				295CC8E01C8D70B80051E31B /* placeViewController.swift in Sources */,
			);
			runOnlyForDeploymentPostprocessing = 0;
		};
		29586F201C8B45EB004F877E /* Sources */ = {
			isa = PBXSourcesBuildPhase;
			buildActionMask = 2147483647;
			files = (
				29586F291C8B45EC004F877E /* tranquilLondonTests.swift in Sources */,
			);
			runOnlyForDeploymentPostprocessing = 0;
		};
		29586F2B1C8B45EC004F877E /* Sources */ = {
			isa = PBXSourcesBuildPhase;
			buildActionMask = 2147483647;
			files = (
				29586F341C8B45EC004F877E /* tranquilLondonUITests.swift in Sources */,
			);
			runOnlyForDeploymentPostprocessing = 0;
		};
/* End PBXSourcesBuildPhase section */

/* Begin PBXTargetDependency section */
		29586F261C8B45EB004F877E /* PBXTargetDependency */ = {
			isa = PBXTargetDependency;
			target = 29586F0C1C8B45EB004F877E /* gameclub */;
			targetProxy = 29586F251C8B45EB004F877E /* PBXContainerItemProxy */;
		};
		29586F311C8B45EC004F877E /* PBXTargetDependency */ = {
			isa = PBXTargetDependency;
			target = 29586F0C1C8B45EB004F877E /* gameclub */;
			targetProxy = 29586F301C8B45EC004F877E /* PBXContainerItemProxy */;
		};
/* End PBXTargetDependency section */

/* Begin PBXVariantGroup section */
		29586F141C8B45EB004F877E /* Main.storyboard */ = {
			isa = PBXVariantGroup;
			children = (
				29586F151C8B45EB004F877E /* Base */,
			);
			name = Main.storyboard;
			sourceTree = "<group>";
		};
		29586F1C1C8B45EB004F877E /* LaunchScreen.storyboard */ = {
			isa = PBXVariantGroup;
			children = (
				29586F1D1C8B45EB004F877E /* Base */,
			);
			name = LaunchScreen.storyboard;
			sourceTree = "<group>";
		};
/* End PBXVariantGroup section */

/* Begin XCBuildConfiguration section */
		29586F361C8B45EC004F877E /* Debug */ = {
			isa = XCBuildConfiguration;
			buildSettings = {
				ALWAYS_SEARCH_USER_PATHS = NO;
				CLANG_CXX_LANGUAGE_STANDARD = "gnu++0x";
				CLANG_CXX_LIBRARY = "libc++";
				CLANG_ENABLE_MODULES = YES;
				CLANG_ENABLE_OBJC_ARC = YES;
				CLANG_WARN_BOOL_CONVERSION = YES;
				CLANG_WARN_CONSTANT_CONVERSION = YES;
				CLANG_WARN_DIRECT_OBJC_ISA_USAGE = YES_ERROR;
				CLANG_WARN_EMPTY_BODY = YES;
				CLANG_WARN_ENUM_CONVERSION = YES;
				CLANG_WARN_INT_CONVERSION = YES;
				CLANG_WARN_OBJC_ROOT_CLASS = YES_ERROR;
				CLANG_WARN_UNREACHABLE_CODE = YES;
				CLANG_WARN__DUPLICATE_METHOD_MATCH = YES;
				"CODE_SIGN_IDENTITY[sdk=iphoneos*]" = "iPhone Developer";
				COPY_PHASE_STRIP = NO;
				DEBUG_INFORMATION_FORMAT = dwarf;
				ENABLE_STRICT_OBJC_MSGSEND = YES;
				ENABLE_TESTABILITY = YES;
				GCC_C_LANGUAGE_STANDARD = gnu99;
				GCC_DYNAMIC_NO_PIC = NO;
				GCC_NO_COMMON_BLOCKS = YES;
				GCC_OPTIMIZATION_LEVEL = 0;
				GCC_PREPROCESSOR_DEFINITIONS = (
					"DEBUG=1",
					"$(inherited)",
				);
				GCC_WARN_64_TO_32_BIT_CONVERSION = YES;
				GCC_WARN_ABOUT_RETURN_TYPE = YES_ERROR;
				GCC_WARN_UNDECLARED_SELECTOR = YES;
				GCC_WARN_UNINITIALIZED_AUTOS = YES_AGGRESSIVE;
				GCC_WARN_UNUSED_FUNCTION = YES;
				GCC_WARN_UNUSED_VARIABLE = YES;
				IPHONEOS_DEPLOYMENT_TARGET = 9.2;
				MTL_ENABLE_DEBUG_INFO = YES;
				ONLY_ACTIVE_ARCH = YES;
				SDKROOT = iphoneos;
				SWIFT_OPTIMIZATION_LEVEL = "-Onone";
				TARGETED_DEVICE_FAMILY = "1,2";
			};
			name = Debug;
		};
		29586F371C8B45EC004F877E /* Release */ = {
			isa = XCBuildConfiguration;
			buildSettings = {
				ALWAYS_SEARCH_USER_PATHS = NO;
				CLANG_CXX_LANGUAGE_STANDARD = "gnu++0x";
				CLANG_CXX_LIBRARY = "libc++";
				CLANG_ENABLE_MODULES = YES;
				CLANG_ENABLE_OBJC_ARC = YES;
				CLANG_WARN_BOOL_CONVERSION = YES;
				CLANG_WARN_CONSTANT_CONVERSION = YES;
				CLANG_WARN_DIRECT_OBJC_ISA_USAGE = YES_ERROR;
				CLANG_WARN_EMPTY_BODY = YES;
				CLANG_WARN_ENUM_CONVERSION = YES;
				CLANG_WARN_INT_CONVERSION = YES;
				CLANG_WARN_OBJC_ROOT_CLASS = YES_ERROR;
				CLANG_WARN_UNREACHABLE_CODE = YES;
				CLANG_WARN__DUPLICATE_METHOD_MATCH = YES;
				"CODE_SIGN_IDENTITY[sdk=iphoneos*]" = "iPhone Developer";
				COPY_PHASE_STRIP = NO;
				DEBUG_INFORMATION_FORMAT = "dwarf-with-dsym";
				ENABLE_NS_ASSERTIONS = NO;
				ENABLE_STRICT_OBJC_MSGSEND = YES;
				GCC_C_LANGUAGE_STANDARD = gnu99;
				GCC_NO_COMMON_BLOCKS = YES;
				GCC_WARN_64_TO_32_BIT_CONVERSION = YES;
				GCC_WARN_ABOUT_RETURN_TYPE = YES_ERROR;
				GCC_WARN_UNDECLARED_SELECTOR = YES;
				GCC_WARN_UNINITIALIZED_AUTOS = YES_AGGRESSIVE;
				GCC_WARN_UNUSED_FUNCTION = YES;
				GCC_WARN_UNUSED_VARIABLE = YES;
				IPHONEOS_DEPLOYMENT_TARGET = 9.2;
				MTL_ENABLE_DEBUG_INFO = NO;
				SDKROOT = iphoneos;
				TARGETED_DEVICE_FAMILY = "1,2";
				VALIDATE_PRODUCT = YES;
			};
			name = Release;
		};
		29586F391C8B45EC004F877E /* Debug */ = {
			isa = XCBuildConfiguration;
			buildSettings = {
				ASSETCATALOG_COMPILER_APPICON_NAME = AppIcon;
				CODE_SIGN_IDENTITY = "iPhone Developer";
				"CODE_SIGN_IDENTITY[sdk=iphoneos*]" = "iPhone Developer";
				INFOPLIST_FILE = tranquilLondon/Info.plist;
				LD_RUNPATH_SEARCH_PATHS = "$(inherited) @executable_path/Frameworks";
				PRODUCT_BUNDLE_IDENTIFIER = com.danielpape.gameclub;
				PRODUCT_NAME = Gameclub;
				PROVISIONING_PROFILE = "";
			};
			name = Debug;
		};
		29586F3A1C8B45EC004F877E /* Release */ = {
			isa = XCBuildConfiguration;
			buildSettings = {
				ASSETCATALOG_COMPILER_APPICON_NAME = AppIcon;
				CODE_SIGN_IDENTITY = "iPhone Developer";
				"CODE_SIGN_IDENTITY[sdk=iphoneos*]" = "iPhone Developer";
				INFOPLIST_FILE = tranquilLondon/Info.plist;
				LD_RUNPATH_SEARCH_PATHS = "$(inherited) @executable_path/Frameworks";
				PRODUCT_BUNDLE_IDENTIFIER = com.danielpape.gameclub;
				PRODUCT_NAME = Gameclub;
				PROVISIONING_PROFILE = "";
			};
			name = Release;
		};
		29586F3C1C8B45EC004F877E /* Debug */ = {
			isa = XCBuildConfiguration;
			buildSettings = {
				BUNDLE_LOADER = "$(TEST_HOST)";
				INFOPLIST_FILE = tranquilLondonTests/Info.plist;
				LD_RUNPATH_SEARCH_PATHS = "$(inherited) @executable_path/Frameworks @loader_path/Frameworks";
				PRODUCT_BUNDLE_IDENTIFIER = com.danielpape.tranquilLondonTests;
				PRODUCT_NAME = gameclub;
				TEST_HOST = "$(BUILT_PRODUCTS_DIR)/gameclub.app/gameclub";
			};
			name = Debug;
		};
		29586F3D1C8B45EC004F877E /* Release */ = {
			isa = XCBuildConfiguration;
			buildSettings = {
				BUNDLE_LOADER = "$(TEST_HOST)";
				INFOPLIST_FILE = tranquilLondonTests/Info.plist;
				LD_RUNPATH_SEARCH_PATHS = "$(inherited) @executable_path/Frameworks @loader_path/Frameworks";
				PRODUCT_BUNDLE_IDENTIFIER = com.danielpape.tranquilLondonTests;
				PRODUCT_NAME = gameclub;
				TEST_HOST = "$(BUILT_PRODUCTS_DIR)/gameclub.app/gameclub";
			};
			name = Release;
		};
		29586F3F1C8B45EC004F877E /* Debug */ = {
			isa = XCBuildConfiguration;
			buildSettings = {
				INFOPLIST_FILE = tranquilLondonUITests/Info.plist;
				LD_RUNPATH_SEARCH_PATHS = "$(inherited) @executable_path/Frameworks @loader_path/Frameworks";
				PRODUCT_BUNDLE_IDENTIFIER = com.danielpape.tranquilLondonUITests;
				PRODUCT_NAME = gameclub;
				TEST_TARGET_NAME = tranquilLondon;
				USES_XCTRUNNER = YES;
			};
			name = Debug;
		};
		29586F401C8B45EC004F877E /* Release */ = {
			isa = XCBuildConfiguration;
			buildSettings = {
				INFOPLIST_FILE = tranquilLondonUITests/Info.plist;
				LD_RUNPATH_SEARCH_PATHS = "$(inherited) @executable_path/Frameworks @loader_path/Frameworks";
				PRODUCT_BUNDLE_IDENTIFIER = com.danielpape.tranquilLondonUITests;
				PRODUCT_NAME = gameclub;
				TEST_TARGET_NAME = tranquilLondon;
				USES_XCTRUNNER = YES;
			};
			name = Release;
		};
/* End XCBuildConfiguration section */

/* Begin XCConfigurationList section */
		29586F081C8B45EA004F877E /* Build configuration list for PBXProject "gameclub" */ = {
			isa = XCConfigurationList;
			buildConfigurations = (
				29586F361C8B45EC004F877E /* Debug */,
				29586F371C8B45EC004F877E /* Release */,
			);
			defaultConfigurationIsVisible = 0;
			defaultConfigurationName = Release;
		};
		29586F381C8B45EC004F877E /* Build configuration list for PBXNativeTarget "gameclub" */ = {
			isa = XCConfigurationList;
			buildConfigurations = (
				29586F391C8B45EC004F877E /* Debug */,
				29586F3A1C8B45EC004F877E /* Release */,
			);
			defaultConfigurationIsVisible = 0;
			defaultConfigurationName = Release;
		};
		29586F3B1C8B45EC004F877E /* Build configuration list for PBXNativeTarget "gameclubTests" */ = {
			isa = XCConfigurationList;
			buildConfigurations = (
				29586F3C1C8B45EC004F877E /* Debug */,
				29586F3D1C8B45EC004F877E /* Release */,
			);
			defaultConfigurationIsVisible = 0;
			defaultConfigurationName = Release;
		};
		29586F3E1C8B45EC004F877E /* Build configuration list for PBXNativeTarget "gameclubUITests" */ = {
			isa = XCConfigurationList;
			buildConfigurations = (
				29586F3F1C8B45EC004F877E /* Debug */,
				29586F401C8B45EC004F877E /* Release */,
			);
			defaultConfigurationIsVisible = 0;
			defaultConfigurationName = Release;
		};
/* End XCConfigurationList section */

/* Begin XCVersionGroup section */
		29586F171C8B45EB004F877E /* tranquilLondon.xcdatamodeld */ = {
			isa = XCVersionGroup;
			children = (
				29586F181C8B45EB004F877E /* tranquilLondon.xcdatamodel */,
			);
			currentVersion = 29586F181C8B45EB004F877E /* tranquilLondon.xcdatamodel */;
			path = tranquilLondon.xcdatamodeld;
			sourceTree = "<group>";
			versionGroupType = wrapper.xcdatamodel;
		};
/* End XCVersionGroup section */
	};
	rootObject = 29586F051C8B45EA004F877E /* Project object */;
}
